// !$*UTF8*$!
{
	archiveVersion = 1;
	classes = {
	};
	objectVersion = 50;
	objects = {

/* Begin PBXBuildFile section */
		36A1D95725487BCB00A3ACA2 /* AppDelegate.swift in Sources */ = {isa = PBXBuildFile; fileRef = 36A1D95625487BCB00A3ACA2 /* AppDelegate.swift */; };
		36A1D95925487BCB00A3ACA2 /* SceneDelegate.swift in Sources */ = {isa = PBXBuildFile; fileRef = 36A1D95825487BCB00A3ACA2 /* SceneDelegate.swift */; };
		36A1D95B25487BCB00A3ACA2 /* ContactsListTableViewController.swift in Sources */ = {isa = PBXBuildFile; fileRef = 36A1D95A25487BCB00A3ACA2 /* ContactsListTableViewController.swift */; };
		36A1D96025487BD000A3ACA2 /* Assets.xcassets in Resources */ = {isa = PBXBuildFile; fileRef = 36A1D95F25487BD000A3ACA2 /* Assets.xcassets */; };
		36A1D96325487BD000A3ACA2 /* LaunchScreen.storyboard in Resources */ = {isa = PBXBuildFile; fileRef = 36A1D96125487BD000A3ACA2 /* LaunchScreen.storyboard */; };
		36A1D96E25487BD000A3ACA2 /* Prova_HelpieTests.swift in Sources */ = {isa = PBXBuildFile; fileRef = 36A1D96D25487BD000A3ACA2 /* Prova_HelpieTests.swift */; };
		36A1D97925487BD000A3ACA2 /* Prova_HelpieUITests.swift in Sources */ = {isa = PBXBuildFile; fileRef = 36A1D97825487BD000A3ACA2 /* Prova_HelpieUITests.swift */; };
		36A1D9882548B6F700A3ACA2 /* User.swift in Sources */ = {isa = PBXBuildFile; fileRef = 36A1D9872548B6F700A3ACA2 /* User.swift */; };
		36A1D98A2548B91800A3ACA2 /* UIView + Extensions.swift in Sources */ = {isa = PBXBuildFile; fileRef = 36A1D9892548B91800A3ACA2 /* UIView + Extensions.swift */; };
		36A1D98F2549CE8400A3ACA2 /* LoggedUserTableViewCell.swift in Sources */ = {isa = PBXBuildFile; fileRef = 36A1D98E2549CE8300A3ACA2 /* LoggedUserTableViewCell.swift */; };
		36A1D991254A124400A3ACA2 /* ContactTableViewCell.swift in Sources */ = {isa = PBXBuildFile; fileRef = 36A1D990254A124400A3ACA2 /* ContactTableViewCell.swift */; };
		36A1D993254A1DC400A3ACA2 /* FakeUsers.swift in Sources */ = {isa = PBXBuildFile; fileRef = 36A1D992254A1DC400A3ACA2 /* FakeUsers.swift */; };
		36A1D997254B2D0A00A3ACA2 /* ContactDetailViewController.swift in Sources */ = {isa = PBXBuildFile; fileRef = 36A1D996254B2D0A00A3ACA2 /* ContactDetailViewController.swift */; };
		36A1D99A254B8F9400A3ACA2 /* UITextView + Extensions.swift in Sources */ = {isa = PBXBuildFile; fileRef = 36A1D999254B8F9400A3ACA2 /* UITextView + Extensions.swift */; };
/* End PBXBuildFile section */

/* Begin PBXContainerItemProxy section */
		36A1D96A25487BD000A3ACA2 /* PBXContainerItemProxy */ = {
			isa = PBXContainerItemProxy;
			containerPortal = 36A1D94B25487BCB00A3ACA2 /* Project object */;
			proxyType = 1;
			remoteGlobalIDString = 36A1D95225487BCB00A3ACA2;
			remoteInfo = Prova_Helpie;
		};
		36A1D97525487BD000A3ACA2 /* PBXContainerItemProxy */ = {
			isa = PBXContainerItemProxy;
			containerPortal = 36A1D94B25487BCB00A3ACA2 /* Project object */;
			proxyType = 1;
			remoteGlobalIDString = 36A1D95225487BCB00A3ACA2;
			remoteInfo = Prova_Helpie;
		};
/* End PBXContainerItemProxy section */

/* Begin PBXFileReference section */
		36A1D95325487BCB00A3ACA2 /* Prova_Helpie.app */ = {isa = PBXFileReference; explicitFileType = wrapper.application; includeInIndex = 0; path = Prova_Helpie.app; sourceTree = BUILT_PRODUCTS_DIR; };
		36A1D95625487BCB00A3ACA2 /* AppDelegate.swift */ = {isa = PBXFileReference; lastKnownFileType = sourcecode.swift; path = AppDelegate.swift; sourceTree = "<group>"; };
		36A1D95825487BCB00A3ACA2 /* SceneDelegate.swift */ = {isa = PBXFileReference; lastKnownFileType = sourcecode.swift; path = SceneDelegate.swift; sourceTree = "<group>"; };
		36A1D95A25487BCB00A3ACA2 /* ContactsListTableViewController.swift */ = {isa = PBXFileReference; lastKnownFileType = sourcecode.swift; path = ContactsListTableViewController.swift; sourceTree = "<group>"; };
		36A1D95F25487BD000A3ACA2 /* Assets.xcassets */ = {isa = PBXFileReference; lastKnownFileType = folder.assetcatalog; path = Assets.xcassets; sourceTree = "<group>"; };
		36A1D96225487BD000A3ACA2 /* Base */ = {isa = PBXFileReference; lastKnownFileType = file.storyboard; name = Base; path = Base.lproj/LaunchScreen.storyboard; sourceTree = "<group>"; };
		36A1D96425487BD000A3ACA2 /* Info.plist */ = {isa = PBXFileReference; lastKnownFileType = text.plist.xml; path = Info.plist; sourceTree = "<group>"; };
		36A1D96925487BD000A3ACA2 /* Prova_HelpieTests.xctest */ = {isa = PBXFileReference; explicitFileType = wrapper.cfbundle; includeInIndex = 0; path = Prova_HelpieTests.xctest; sourceTree = BUILT_PRODUCTS_DIR; };
		36A1D96D25487BD000A3ACA2 /* Prova_HelpieTests.swift */ = {isa = PBXFileReference; lastKnownFileType = sourcecode.swift; path = Prova_HelpieTests.swift; sourceTree = "<group>"; };
		36A1D96F25487BD000A3ACA2 /* Info.plist */ = {isa = PBXFileReference; lastKnownFileType = text.plist.xml; path = Info.plist; sourceTree = "<group>"; };
		36A1D97425487BD000A3ACA2 /* Prova_HelpieUITests.xctest */ = {isa = PBXFileReference; explicitFileType = wrapper.cfbundle; includeInIndex = 0; path = Prova_HelpieUITests.xctest; sourceTree = BUILT_PRODUCTS_DIR; };
		36A1D97825487BD000A3ACA2 /* Prova_HelpieUITests.swift */ = {isa = PBXFileReference; lastKnownFileType = sourcecode.swift; path = Prova_HelpieUITests.swift; sourceTree = "<group>"; };
		36A1D97A25487BD000A3ACA2 /* Info.plist */ = {isa = PBXFileReference; lastKnownFileType = text.plist.xml; path = Info.plist; sourceTree = "<group>"; };
		36A1D9872548B6F700A3ACA2 /* User.swift */ = {isa = PBXFileReference; lastKnownFileType = sourcecode.swift; path = User.swift; sourceTree = "<group>"; };
		36A1D9892548B91800A3ACA2 /* UIView + Extensions.swift */ = {isa = PBXFileReference; lastKnownFileType = sourcecode.swift; path = "UIView + Extensions.swift"; sourceTree = "<group>"; };
		36A1D98E2549CE8300A3ACA2 /* LoggedUserTableViewCell.swift */ = {isa = PBXFileReference; lastKnownFileType = sourcecode.swift; path = LoggedUserTableViewCell.swift; sourceTree = "<group>"; };
		36A1D990254A124400A3ACA2 /* ContactTableViewCell.swift */ = {isa = PBXFileReference; lastKnownFileType = sourcecode.swift; path = ContactTableViewCell.swift; sourceTree = "<group>"; };
		36A1D992254A1DC400A3ACA2 /* FakeUsers.swift */ = {isa = PBXFileReference; lastKnownFileType = sourcecode.swift; path = FakeUsers.swift; sourceTree = "<group>"; };
		36A1D996254B2D0A00A3ACA2 /* ContactDetailViewController.swift */ = {isa = PBXFileReference; lastKnownFileType = sourcecode.swift; path = ContactDetailViewController.swift; sourceTree = "<group>"; };
		36A1D999254B8F9400A3ACA2 /* UITextView + Extensions.swift */ = {isa = PBXFileReference; lastKnownFileType = sourcecode.swift; path = "UITextView + Extensions.swift"; sourceTree = "<group>"; };
/* End PBXFileReference section */

/* Begin PBXFrameworksBuildPhase section */
		36A1D95025487BCB00A3ACA2 /* Frameworks */ = {
			isa = PBXFrameworksBuildPhase;
			buildActionMask = 2147483647;
			files = (
			);
			runOnlyForDeploymentPostprocessing = 0;
		};
		36A1D96625487BD000A3ACA2 /* Frameworks */ = {
			isa = PBXFrameworksBuildPhase;
			buildActionMask = 2147483647;
			files = (
			);
			runOnlyForDeploymentPostprocessing = 0;
		};
		36A1D97125487BD000A3ACA2 /* Frameworks */ = {
			isa = PBXFrameworksBuildPhase;
			buildActionMask = 2147483647;
			files = (
			);
			runOnlyForDeploymentPostprocessing = 0;
		};
/* End PBXFrameworksBuildPhase section */

/* Begin PBXGroup section */
		36A1D94A25487BCB00A3ACA2 = {
			isa = PBXGroup;
			children = (
				36A1D95525487BCB00A3ACA2 /* Prova_Helpie */,
				36A1D96C25487BD000A3ACA2 /* Prova_HelpieTests */,
				36A1D97725487BD000A3ACA2 /* Prova_HelpieUITests */,
				36A1D95425487BCB00A3ACA2 /* Products */,
			);
			sourceTree = "<group>";
		};
		36A1D95425487BCB00A3ACA2 /* Products */ = {
			isa = PBXGroup;
			children = (
				36A1D95325487BCB00A3ACA2 /* Prova_Helpie.app */,
				36A1D96925487BD000A3ACA2 /* Prova_HelpieTests.xctest */,
				36A1D97425487BD000A3ACA2 /* Prova_HelpieUITests.xctest */,
			);
			name = Products;
			sourceTree = "<group>";
		};
		36A1D95525487BCB00A3ACA2 /* Prova_Helpie */ = {
			isa = PBXGroup;
			children = (
				36A1D998254B2D1800A3ACA2 /* Contact Detail */,
				36A1D98D2548B96100A3ACA2 /* Extensions */,
				36A1D98C2548B95600A3ACA2 /* Models */,
				36A1D98B2548B94C00A3ACA2 /* Contacts LIst */,
				36A1D9862548B56000A3ACA2 /* Supporting Files */,
				36A1D992254A1DC400A3ACA2 /* FakeUsers.swift */,
			);
			path = Prova_Helpie;
			sourceTree = "<group>";
		};
		36A1D96C25487BD000A3ACA2 /* Prova_HelpieTests */ = {
			isa = PBXGroup;
			children = (
				36A1D96D25487BD000A3ACA2 /* Prova_HelpieTests.swift */,
				36A1D96F25487BD000A3ACA2 /* Info.plist */,
			);
			path = Prova_HelpieTests;
			sourceTree = "<group>";
		};
		36A1D97725487BD000A3ACA2 /* Prova_HelpieUITests */ = {
			isa = PBXGroup;
			children = (
				36A1D97825487BD000A3ACA2 /* Prova_HelpieUITests.swift */,
				36A1D97A25487BD000A3ACA2 /* Info.plist */,
			);
			path = Prova_HelpieUITests;
			sourceTree = "<group>";
		};
		36A1D9862548B56000A3ACA2 /* Supporting Files */ = {
			isa = PBXGroup;
			children = (
				36A1D95625487BCB00A3ACA2 /* AppDelegate.swift */,
				36A1D95825487BCB00A3ACA2 /* SceneDelegate.swift */,
				36A1D95F25487BD000A3ACA2 /* Assets.xcassets */,
				36A1D96125487BD000A3ACA2 /* LaunchScreen.storyboard */,
				36A1D96425487BD000A3ACA2 /* Info.plist */,
			);
			path = "Supporting Files";
			sourceTree = "<group>";
		};
		36A1D98B2548B94C00A3ACA2 /* Contacts LIst */ = {
			isa = PBXGroup;
			children = (
				36A1D95A25487BCB00A3ACA2 /* ContactsListTableViewController.swift */,
				36A1D98E2549CE8300A3ACA2 /* LoggedUserTableViewCell.swift */,
				36A1D990254A124400A3ACA2 /* ContactTableViewCell.swift */,
			);
			path = "Contacts LIst";
			sourceTree = "<group>";
		};
		36A1D98C2548B95600A3ACA2 /* Models */ = {
			isa = PBXGroup;
			children = (
				36A1D9872548B6F700A3ACA2 /* User.swift */,
			);
			path = Models;
			sourceTree = "<group>";
		};
		36A1D98D2548B96100A3ACA2 /* Extensions */ = {
			isa = PBXGroup;
			children = (
				36A1D9892548B91800A3ACA2 /* UIView + Extensions.swift */,
				36A1D999254B8F9400A3ACA2 /* UITextView + Extensions.swift */,
			);
			path = Extensions;
			sourceTree = "<group>";
		};
		36A1D998254B2D1800A3ACA2 /* Contact Detail */ = {
			isa = PBXGroup;
			children = (
				36A1D996254B2D0A00A3ACA2 /* ContactDetailViewController.swift */,
			);
			path = "Contact Detail";
			sourceTree = "<group>";
		};
/* End PBXGroup section */

/* Begin PBXNativeTarget section */
		36A1D95225487BCB00A3ACA2 /* Prova_Helpie */ = {
			isa = PBXNativeTarget;
			buildConfigurationList = 36A1D97D25487BD000A3ACA2 /* Build configuration list for PBXNativeTarget "Prova_Helpie" */;
			buildPhases = (
				36A1D94F25487BCB00A3ACA2 /* Sources */,
				36A1D95025487BCB00A3ACA2 /* Frameworks */,
				36A1D95125487BCB00A3ACA2 /* Resources */,
			);
			buildRules = (
			);
			dependencies = (
			);
			name = Prova_Helpie;
			productName = Prova_Helpie;
			productReference = 36A1D95325487BCB00A3ACA2 /* Prova_Helpie.app */;
			productType = "com.apple.product-type.application";
		};
		36A1D96825487BD000A3ACA2 /* Prova_HelpieTests */ = {
			isa = PBXNativeTarget;
			buildConfigurationList = 36A1D98025487BD000A3ACA2 /* Build configuration list for PBXNativeTarget "Prova_HelpieTests" */;
			buildPhases = (
				36A1D96525487BD000A3ACA2 /* Sources */,
				36A1D96625487BD000A3ACA2 /* Frameworks */,
				36A1D96725487BD000A3ACA2 /* Resources */,
			);
			buildRules = (
			);
			dependencies = (
				36A1D96B25487BD000A3ACA2 /* PBXTargetDependency */,
			);
			name = Prova_HelpieTests;
			productName = Prova_HelpieTests;
			productReference = 36A1D96925487BD000A3ACA2 /* Prova_HelpieTests.xctest */;
			productType = "com.apple.product-type.bundle.unit-test";
		};
		36A1D97325487BD000A3ACA2 /* Prova_HelpieUITests */ = {
			isa = PBXNativeTarget;
			buildConfigurationList = 36A1D98325487BD000A3ACA2 /* Build configuration list for PBXNativeTarget "Prova_HelpieUITests" */;
			buildPhases = (
				36A1D97025487BD000A3ACA2 /* Sources */,
				36A1D97125487BD000A3ACA2 /* Frameworks */,
				36A1D97225487BD000A3ACA2 /* Resources */,
			);
			buildRules = (
			);
			dependencies = (
				36A1D97625487BD000A3ACA2 /* PBXTargetDependency */,
			);
			name = Prova_HelpieUITests;
			productName = Prova_HelpieUITests;
			productReference = 36A1D97425487BD000A3ACA2 /* Prova_HelpieUITests.xctest */;
			productType = "com.apple.product-type.bundle.ui-testing";
		};
/* End PBXNativeTarget section */

/* Begin PBXProject section */
		36A1D94B25487BCB00A3ACA2 /* Project object */ = {
			isa = PBXProject;
			attributes = {
				LastSwiftUpdateCheck = 1160;
				LastUpgradeCheck = 1160;
				ORGANIZATIONNAME = "Denis Fortuna";
				TargetAttributes = {
					36A1D95225487BCB00A3ACA2 = {
						CreatedOnToolsVersion = 11.6;
					};
					36A1D96825487BD000A3ACA2 = {
						CreatedOnToolsVersion = 11.6;
						TestTargetID = 36A1D95225487BCB00A3ACA2;
					};
					36A1D97325487BD000A3ACA2 = {
						CreatedOnToolsVersion = 11.6;
						TestTargetID = 36A1D95225487BCB00A3ACA2;
					};
				};
			};
			buildConfigurationList = 36A1D94E25487BCB00A3ACA2 /* Build configuration list for PBXProject "Prova_Helpie" */;
			compatibilityVersion = "Xcode 9.3";
			developmentRegion = en;
			hasScannedForEncodings = 0;
			knownRegions = (
				en,
				Base,
			);
			mainGroup = 36A1D94A25487BCB00A3ACA2;
			productRefGroup = 36A1D95425487BCB00A3ACA2 /* Products */;
			projectDirPath = "";
			projectRoot = "";
			targets = (
				36A1D95225487BCB00A3ACA2 /* Prova_Helpie */,
				36A1D96825487BD000A3ACA2 /* Prova_HelpieTests */,
				36A1D97325487BD000A3ACA2 /* Prova_HelpieUITests */,
			);
		};
/* End PBXProject section */

/* Begin PBXResourcesBuildPhase section */
		36A1D95125487BCB00A3ACA2 /* Resources */ = {
			isa = PBXResourcesBuildPhase;
			buildActionMask = 2147483647;
			files = (
				36A1D96325487BD000A3ACA2 /* LaunchScreen.storyboard in Resources */,
				36A1D96025487BD000A3ACA2 /* Assets.xcassets in Resources */,
			);
			runOnlyForDeploymentPostprocessing = 0;
		};
		36A1D96725487BD000A3ACA2 /* Resources */ = {
			isa = PBXResourcesBuildPhase;
			buildActionMask = 2147483647;
			files = (
			);
			runOnlyForDeploymentPostprocessing = 0;
		};
		36A1D97225487BD000A3ACA2 /* Resources */ = {
			isa = PBXResourcesBuildPhase;
			buildActionMask = 2147483647;
			files = (
			);
			runOnlyForDeploymentPostprocessing = 0;
		};
/* End PBXResourcesBuildPhase section */

/* Begin PBXSourcesBuildPhase section */
		36A1D94F25487BCB00A3ACA2 /* Sources */ = {
			isa = PBXSourcesBuildPhase;
			buildActionMask = 2147483647;
			files = (
				36A1D98A2548B91800A3ACA2 /* UIView + Extensions.swift in Sources */,
				36A1D9882548B6F700A3ACA2 /* User.swift in Sources */,
				36A1D95B25487BCB00A3ACA2 /* ContactsListTableViewController.swift in Sources */,
				36A1D99A254B8F9400A3ACA2 /* UITextView + Extensions.swift in Sources */,
				36A1D993254A1DC400A3ACA2 /* FakeUsers.swift in Sources */,
				36A1D997254B2D0A00A3ACA2 /* ContactDetailViewController.swift in Sources */,
				36A1D95725487BCB00A3ACA2 /* AppDelegate.swift in Sources */,
				36A1D991254A124400A3ACA2 /* ContactTableViewCell.swift in Sources */,
				36A1D98F2549CE8400A3ACA2 /* LoggedUserTableViewCell.swift in Sources */,
				36A1D95925487BCB00A3ACA2 /* SceneDelegate.swift in Sources */,
			);
			runOnlyForDeploymentPostprocessing = 0;
		};
		36A1D96525487BD000A3ACA2 /* Sources */ = {
			isa = PBXSourcesBuildPhase;
			buildActionMask = 2147483647;
			files = (
				36A1D96E25487BD000A3ACA2 /* Prova_HelpieTests.swift in Sources */,
			);
			runOnlyForDeploymentPostprocessing = 0;
		};
		36A1D97025487BD000A3ACA2 /* Sources */ = {
			isa = PBXSourcesBuildPhase;
			buildActionMask = 2147483647;
			files = (
				36A1D97925487BD000A3ACA2 /* Prova_HelpieUITests.swift in Sources */,
			);
			runOnlyForDeploymentPostprocessing = 0;
		};
/* End PBXSourcesBuildPhase section */

/* Begin PBXTargetDependency section */
		36A1D96B25487BD000A3ACA2 /* PBXTargetDependency */ = {
			isa = PBXTargetDependency;
			target = 36A1D95225487BCB00A3ACA2 /* Prova_Helpie */;
			targetProxy = 36A1D96A25487BD000A3ACA2 /* PBXContainerItemProxy */;
		};
		36A1D97625487BD000A3ACA2 /* PBXTargetDependency */ = {
			isa = PBXTargetDependency;
			target = 36A1D95225487BCB00A3ACA2 /* Prova_Helpie */;
			targetProxy = 36A1D97525487BD000A3ACA2 /* PBXContainerItemProxy */;
		};
/* End PBXTargetDependency section */

/* Begin PBXVariantGroup section */
		36A1D96125487BD000A3ACA2 /* LaunchScreen.storyboard */ = {
			isa = PBXVariantGroup;
			children = (
				36A1D96225487BD000A3ACA2 /* Base */,
			);
			name = LaunchScreen.storyboard;
			sourceTree = "<group>";
		};
/* End PBXVariantGroup section */

/* Begin XCBuildConfiguration section */
		36A1D97B25487BD000A3ACA2 /* Debug */ = {
			isa = XCBuildConfiguration;
			buildSettings = {
				ALWAYS_SEARCH_USER_PATHS = NO;
				CLANG_ANALYZER_NONNULL = YES;
				CLANG_ANALYZER_NUMBER_OBJECT_CONVERSION = YES_AGGRESSIVE;
				CLANG_CXX_LANGUAGE_STANDARD = "gnu++14";
				CLANG_CXX_LIBRARY = "libc++";
				CLANG_ENABLE_MODULES = YES;
				CLANG_ENABLE_OBJC_ARC = YES;
				CLANG_ENABLE_OBJC_WEAK = YES;
				CLANG_WARN_BLOCK_CAPTURE_AUTORELEASING = YES;
				CLANG_WARN_BOOL_CONVERSION = YES;
				CLANG_WARN_COMMA = YES;
				CLANG_WARN_CONSTANT_CONVERSION = YES;
				CLANG_WARN_DEPRECATED_OBJC_IMPLEMENTATIONS = YES;
				CLANG_WARN_DIRECT_OBJC_ISA_USAGE = YES_ERROR;
				CLANG_WARN_DOCUMENTATION_COMMENTS = YES;
				CLANG_WARN_EMPTY_BODY = YES;
				CLANG_WARN_ENUM_CONVERSION = YES;
				CLANG_WARN_INFINITE_RECURSION = YES;
				CLANG_WARN_INT_CONVERSION = YES;
				CLANG_WARN_NON_LITERAL_NULL_CONVERSION = YES;
				CLANG_WARN_OBJC_IMPLICIT_RETAIN_SELF = YES;
				CLANG_WARN_OBJC_LITERAL_CONVERSION = YES;
				CLANG_WARN_OBJC_ROOT_CLASS = YES_ERROR;
				CLANG_WARN_RANGE_LOOP_ANALYSIS = YES;
				CLANG_WARN_STRICT_PROTOTYPES = YES;
				CLANG_WARN_SUSPICIOUS_MOVE = YES;
				CLANG_WARN_UNGUARDED_AVAILABILITY = YES_AGGRESSIVE;
				CLANG_WARN_UNREACHABLE_CODE = YES;
				CLANG_WARN__DUPLICATE_METHOD_MATCH = YES;
				COPY_PHASE_STRIP = NO;
				DEBUG_INFORMATION_FORMAT = dwarf;
				ENABLE_STRICT_OBJC_MSGSEND = YES;
				ENABLE_TESTABILITY = YES;
				GCC_C_LANGUAGE_STANDARD = gnu11;
				GCC_DYNAMIC_NO_PIC = NO;
				GCC_NO_COMMON_BLOCKS = YES;
				GCC_OPTIMIZATION_LEVEL = 0;
				GCC_PREPROCESSOR_DEFINITIONS = (
					"DEBUG=1",
					"$(inherited)",
				);
				GCC_WARN_64_TO_32_BIT_CONVERSION = YES;
				GCC_WARN_ABOUT_RETURN_TYPE = YES_ERROR;
				GCC_WARN_UNDECLARED_SELECTOR = YES;
				GCC_WARN_UNINITIALIZED_AUTOS = YES_AGGRESSIVE;
				GCC_WARN_UNUSED_FUNCTION = YES;
				GCC_WARN_UNUSED_VARIABLE = YES;
				IPHONEOS_DEPLOYMENT_TARGET = 13.6;
				MTL_ENABLE_DEBUG_INFO = INCLUDE_SOURCE;
				MTL_FAST_MATH = YES;
				ONLY_ACTIVE_ARCH = YES;
				SDKROOT = iphoneos;
				SWIFT_ACTIVE_COMPILATION_CONDITIONS = DEBUG;
				SWIFT_OPTIMIZATION_LEVEL = "-Onone";
			};
			name = Debug;
		};
		36A1D97C25487BD000A3ACA2 /* Release */ = {
			isa = XCBuildConfiguration;
			buildSettings = {
				ALWAYS_SEARCH_USER_PATHS = NO;
				CLANG_ANALYZER_NONNULL = YES;
				CLANG_ANALYZER_NUMBER_OBJECT_CONVERSION = YES_AGGRESSIVE;
				CLANG_CXX_LANGUAGE_STANDARD = "gnu++14";
				CLANG_CXX_LIBRARY = "libc++";
				CLANG_ENABLE_MODULES = YES;
				CLANG_ENABLE_OBJC_ARC = YES;
				CLANG_ENABLE_OBJC_WEAK = YES;
				CLANG_WARN_BLOCK_CAPTURE_AUTORELEASING = YES;
				CLANG_WARN_BOOL_CONVERSION = YES;
				CLANG_WARN_COMMA = YES;
				CLANG_WARN_CONSTANT_CONVERSION = YES;
				CLANG_WARN_DEPRECATED_OBJC_IMPLEMENTATIONS = YES;
				CLANG_WARN_DIRECT_OBJC_ISA_USAGE = YES_ERROR;
				CLANG_WARN_DOCUMENTATION_COMMENTS = YES;
				CLANG_WARN_EMPTY_BODY = YES;
				CLANG_WARN_ENUM_CONVERSION = YES;
				CLANG_WARN_INFINITE_RECURSION = YES;
				CLANG_WARN_INT_CONVERSION = YES;
				CLANG_WARN_NON_LITERAL_NULL_CONVERSION = YES;
				CLANG_WARN_OBJC_IMPLICIT_RETAIN_SELF = YES;
				CLANG_WARN_OBJC_LITERAL_CONVERSION = YES;
				CLANG_WARN_OBJC_ROOT_CLASS = YES_ERROR;
				CLANG_WARN_RANGE_LOOP_ANALYSIS = YES;
				CLANG_WARN_STRICT_PROTOTYPES = YES;
				CLANG_WARN_SUSPICIOUS_MOVE = YES;
				CLANG_WARN_UNGUARDED_AVAILABILITY = YES_AGGRESSIVE;
				CLANG_WARN_UNREACHABLE_CODE = YES;
				CLANG_WARN__DUPLICATE_METHOD_MATCH = YES;
				COPY_PHASE_STRIP = NO;
				DEBUG_INFORMATION_FORMAT = "dwarf-with-dsym";
				ENABLE_NS_ASSERTIONS = NO;
				ENABLE_STRICT_OBJC_MSGSEND = YES;
				GCC_C_LANGUAGE_STANDARD = gnu11;
				GCC_NO_COMMON_BLOCKS = YES;
				GCC_WARN_64_TO_32_BIT_CONVERSION = YES;
				GCC_WARN_ABOUT_RETURN_TYPE = YES_ERROR;
				GCC_WARN_UNDECLARED_SELECTOR = YES;
				GCC_WARN_UNINITIALIZED_AUTOS = YES_AGGRESSIVE;
				GCC_WARN_UNUSED_FUNCTION = YES;
				GCC_WARN_UNUSED_VARIABLE = YES;
				IPHONEOS_DEPLOYMENT_TARGET = 13.6;
				MTL_ENABLE_DEBUG_INFO = NO;
				MTL_FAST_MATH = YES;
				SDKROOT = iphoneos;
				SWIFT_COMPILATION_MODE = wholemodule;
				SWIFT_OPTIMIZATION_LEVEL = "-O";
				VALIDATE_PRODUCT = YES;
			};
			name = Release;
		};
		36A1D97E25487BD000A3ACA2 /* Debug */ = {
			isa = XCBuildConfiguration;
			buildSettings = {
				ASSETCATALOG_COMPILER_APPICON_NAME = AppIcon;
				CODE_SIGN_STYLE = Automatic;
				DEVELOPMENT_TEAM = 47SHVH7P47;
				INFOPLIST_FILE = "Prova_Helpie/Supporting Files/Info.plist";
				LD_RUNPATH_SEARCH_PATHS = (
					"$(inherited)",
					"@executable_path/Frameworks",
				);
				PRODUCT_BUNDLE_IDENTIFIER = "None.Prova-Helpie";
				PRODUCT_NAME = "$(TARGET_NAME)";
				SWIFT_VERSION = 5.0;
				TARGETED_DEVICE_FAMILY = "1,2";
			};
			name = Debug;
		};
		36A1D97F25487BD000A3ACA2 /* Release */ = {
			isa = XCBuildConfiguration;
			buildSettings = {
				ASSETCATALOG_COMPILER_APPICON_NAME = AppIcon;
				CODE_SIGN_STYLE = Automatic;
				DEVELOPMENT_TEAM = 47SHVH7P47;
				INFOPLIST_FILE = "Prova_Helpie/Supporting Files/Info.plist";
				LD_RUNPATH_SEARCH_PATHS = (
					"$(inherited)",
					"@executable_path/Frameworks",
				);
				PRODUCT_BUNDLE_IDENTIFIER = "None.Prova-Helpie";
				PRODUCT_NAME = "$(TARGET_NAME)";
				SWIFT_VERSION = 5.0;
				TARGETED_DEVICE_FAMILY = "1,2";
			};
			name = Release;
		};
		36A1D98125487BD000A3ACA2 /* Debug */ = {
			isa = XCBuildConfiguration;
			buildSettings = {
				ALWAYS_EMBED_SWIFT_STANDARD_LIBRARIES = YES;
				BUNDLE_LOADER = "$(TEST_HOST)";
				CODE_SIGN_STYLE = Automatic;
				DEVELOPMENT_TEAM = 47SHVH7P47;
				INFOPLIST_FILE = Prova_HelpieTests/Info.plist;
				IPHONEOS_DEPLOYMENT_TARGET = 13.6;
				LD_RUNPATH_SEARCH_PATHS = (
					"$(inherited)",
					"@executable_path/Frameworks",
					"@loader_path/Frameworks",
				);
				PRODUCT_BUNDLE_IDENTIFIER = "None.Prova-HelpieTests";
				PRODUCT_NAME = "$(TARGET_NAME)";
				SWIFT_VERSION = 5.0;
				TARGETED_DEVICE_FAMILY = "1,2";
				TEST_HOST = "$(BUILT_PRODUCTS_DIR)/Prova_Helpie.app/Prova_Helpie";
			};
			name = Debug;
		};
		36A1D98225487BD000A3ACA2 /* Release */ = {
			isa = XCBuildConfiguration;
			buildSettings = {
				ALWAYS_EMBED_SWIFT_STANDARD_LIBRARIES = YES;
				BUNDLE_LOADER = "$(TEST_HOST)";
				CODE_SIGN_STYLE = Automatic;
				DEVELOPMENT_TEAM = 47SHVH7P47;
				INFOPLIST_FILE = Prova_HelpieTests/Info.plist;
				IPHONEOS_DEPLOYMENT_TARGET = 13.6;
				LD_RUNPATH_SEARCH_PATHS = (
					"$(inherited)",
					"@executable_path/Frameworks",
					"@loader_path/Frameworks",
				);
				PRODUCT_BUNDLE_IDENTIFIER = "None.Prova-HelpieTests";
				PRODUCT_NAME = "$(TARGET_NAME)";
				SWIFT_VERSION = 5.0;
				TARGETED_DEVICE_FAMILY = "1,2";
				TEST_HOST = "$(BUILT_PRODUCTS_DIR)/Prova_Helpie.app/Prova_Helpie";
			};
			name = Release;
		};
		36A1D98425487BD000A3ACA2 /* Debug */ = {
			isa = XCBuildConfiguration;
			buildSettings = {
				ALWAYS_EMBED_SWIFT_STANDARD_LIBRARIES = YES;
				CODE_SIGN_STYLE = Automatic;
				DEVELOPMENT_TEAM = 47SHVH7P47;
				INFOPLIST_FILE = Prova_HelpieUITests/Info.plist;
				LD_RUNPATH_SEARCH_PATHS = (
					"$(inherited)",
					"@executable_path/Frameworks",
					"@loader_path/Frameworks",
				);
				PRODUCT_BUNDLE_IDENTIFIER = "None.Prova-HelpieUITests";
				PRODUCT_NAME = "$(TARGET_NAME)";
				SWIFT_VERSION = 5.0;
				TARGETED_DEVICE_FAMILY = "1,2";
				TEST_TARGET_NAME = Prova_Helpie;
			};
			name = Debug;
		};
		36A1D98525487BD000A3ACA2 /* Release */ = {
			isa = XCBuildConfiguration;
			buildSettings = {
				ALWAYS_EMBED_SWIFT_STANDARD_LIBRARIES = YES;
				CODE_SIGN_STYLE = Automatic;
				DEVELOPMENT_TEAM = 47SHVH7P47;
				INFOPLIST_FILE = Prova_HelpieUITests/Info.plist;
				LD_RUNPATH_SEARCH_PATHS = (
					"$(inherited)",
					"@executable_path/Frameworks",
					"@loader_path/Frameworks",
				);
				PRODUCT_BUNDLE_IDENTIFIER = "None.Prova-HelpieUITests";
				PRODUCT_NAME = "$(TARGET_NAME)";
				SWIFT_VERSION = 5.0;
				TARGETED_DEVICE_FAMILY = "1,2";
				TEST_TARGET_NAME = Prova_Helpie;
			};
			name = Release;
		};
/* End XCBuildConfiguration section */

/* Begin XCConfigurationList section */
		36A1D94E25487BCB00A3ACA2 /* Build configuration list for PBXProject "Prova_Helpie" */ = {
			isa = XCConfigurationList;
			buildConfigurations = (
				36A1D97B25487BD000A3ACA2 /* Debug */,
				36A1D97C25487BD000A3ACA2 /* Release */,
			);
			defaultConfigurationIsVisible = 0;
			defaultConfigurationName = Release;
		};
		36A1D97D25487BD000A3ACA2 /* Build configuration list for PBXNativeTarget "Prova_Helpie" */ = {
			isa = XCConfigurationList;
			buildConfigurations = (
				36A1D97E25487BD000A3ACA2 /* Debug */,
				36A1D97F25487BD000A3ACA2 /* Release */,
			);
			defaultConfigurationIsVisible = 0;
			defaultConfigurationName = Release;
		};
		36A1D98025487BD000A3ACA2 /* Build configuration list for PBXNativeTarget "Prova_HelpieTests" */ = {
			isa = XCConfigurationList;
			buildConfigurations = (
				36A1D98125487BD000A3ACA2 /* Debug */,
				36A1D98225487BD000A3ACA2 /* Release */,
			);
			defaultConfigurationIsVisible = 0;
			defaultConfigurationName = Release;
		};
		36A1D98325487BD000A3ACA2 /* Build configuration list for PBXNativeTarget "Prova_HelpieUITests" */ = {
			isa = XCConfigurationList;
			buildConfigurations = (
				36A1D98425487BD000A3ACA2 /* Debug */,
				36A1D98525487BD000A3ACA2 /* Release */,
			);
			defaultConfigurationIsVisible = 0;
			defaultConfigurationName = Release;
		};
/* End XCConfigurationList section */
	};
	rootObject = 36A1D94B25487BCB00A3ACA2 /* Project object */;
}
